// !$*UTF8*$!
{
	archiveVersion = 1;
	classes = {
	};
	objectVersion = 56;
	objects = {

/* Begin PBXBuildFile section */
		393D29ADE89B59ED8E8C377C /* Pods_GitHubProfile.framework in Frameworks */ = {isa = PBXBuildFile; fileRef = 1E18CE9B8CDFCD306C45FAD5 /* Pods_GitHubProfile.framework */; };
		8F797A93AFA690E637CC11B9 /* Pods_GitHubProfile_GitHubProfileUITests.framework in Frameworks */ = {isa = PBXBuildFile; fileRef = DFB95F12B855094EB045C52B /* Pods_GitHubProfile_GitHubProfileUITests.framework */; };
		F0B4BFF8D23CAEE0DE1BE114 /* Pods_GitHubProfileTests.framework in Frameworks */ = {isa = PBXBuildFile; fileRef = 9A7E93BA24383BD6784A4096 /* Pods_GitHubProfileTests.framework */; };
		FF932DEA2BBEA75F00D82DCA /* AppDelegate.swift in Sources */ = {isa = PBXBuildFile; fileRef = FF932DE92BBEA75F00D82DCA /* AppDelegate.swift */; };
		FF932DEC2BBEA75F00D82DCA /* SceneDelegate.swift in Sources */ = {isa = PBXBuildFile; fileRef = FF932DEB2BBEA75F00D82DCA /* SceneDelegate.swift */; };
		FF932DEE2BBEA75F00D82DCA /* ProfileViewController.swift in Sources */ = {isa = PBXBuildFile; fileRef = FF932DED2BBEA75F00D82DCA /* ProfileViewController.swift */; };
		FF932DF12BBEA75F00D82DCA /* Base in Resources */ = {isa = PBXBuildFile; fileRef = FF932DF02BBEA75F00D82DCA /* Base */; };
		FF932DF32BBEA76000D82DCA /* Assets.xcassets in Resources */ = {isa = PBXBuildFile; fileRef = FF932DF22BBEA76000D82DCA /* Assets.xcassets */; };
		FF932DF62BBEA76000D82DCA /* Base in Resources */ = {isa = PBXBuildFile; fileRef = FF932DF52BBEA76000D82DCA /* Base */; };
		FF932E012BBEA76000D82DCA /* GitHubProfileTests.swift in Sources */ = {isa = PBXBuildFile; fileRef = FF932E002BBEA76000D82DCA /* GitHubProfileTests.swift */; };
		FF932E0B2BBEA76000D82DCA /* GitHubProfileUITests.swift in Sources */ = {isa = PBXBuildFile; fileRef = FF932E0A2BBEA76000D82DCA /* GitHubProfileUITests.swift */; };
		FF932E0D2BBEA76000D82DCA /* GitHubProfileUITestsLaunchTests.swift in Sources */ = {isa = PBXBuildFile; fileRef = FF932E0C2BBEA76000D82DCA /* GitHubProfileUITestsLaunchTests.swift */; };
		FFD017EF2BC43AC600F79E3A /* Profile.swift in Sources */ = {isa = PBXBuildFile; fileRef = FFD017EE2BC43AC600F79E3A /* Profile.swift */; };
		FFD017F42BC43CAA00F79E3A /* ProfileViewCell.xib in Resources */ = {isa = PBXBuildFile; fileRef = FFD017F32BC43CAA00F79E3A /* ProfileViewCell.xib */; };
		FFD017F52BC43CAA00F79E3A /* ProfileViewCellController.swift in Sources */ = {isa = PBXBuildFile; fileRef = FFD017F22BC43CAA00F79E3A /* ProfileViewCellController.swift */; };
/* End PBXBuildFile section */

/* Begin PBXContainerItemProxy section */
		FF932DFD2BBEA76000D82DCA /* PBXContainerItemProxy */ = {
			isa = PBXContainerItemProxy;
			containerPortal = FF932DDE2BBEA75F00D82DCA /* Project object */;
			proxyType = 1;
			remoteGlobalIDString = FF932DE52BBEA75F00D82DCA;
			remoteInfo = GitHubProfile;
		};
		FF932E072BBEA76000D82DCA /* PBXContainerItemProxy */ = {
			isa = PBXContainerItemProxy;
			containerPortal = FF932DDE2BBEA75F00D82DCA /* Project object */;
			proxyType = 1;
			remoteGlobalIDString = FF932DE52BBEA75F00D82DCA;
			remoteInfo = GitHubProfile;
		};
/* End PBXContainerItemProxy section */

/* Begin PBXFileReference section */
		1E18CE9B8CDFCD306C45FAD5 /* Pods_GitHubProfile.framework */ = {isa = PBXFileReference; explicitFileType = wrapper.framework; includeInIndex = 0; path = Pods_GitHubProfile.framework; sourceTree = BUILT_PRODUCTS_DIR; };
		3F9D05D1E8F64B4DA6960CD0 /* Pods-GitHubProfileTests.debug.xcconfig */ = {isa = PBXFileReference; includeInIndex = 1; lastKnownFileType = text.xcconfig; name = "Pods-GitHubProfileTests.debug.xcconfig"; path = "Target Support Files/Pods-GitHubProfileTests/Pods-GitHubProfileTests.debug.xcconfig"; sourceTree = "<group>"; };
		7022B48BCFD0EFAE5ECAE4A1 /* Pods-GitHubProfile-GitHubProfileUITests.release.xcconfig */ = {isa = PBXFileReference; includeInIndex = 1; lastKnownFileType = text.xcconfig; name = "Pods-GitHubProfile-GitHubProfileUITests.release.xcconfig"; path = "Target Support Files/Pods-GitHubProfile-GitHubProfileUITests/Pods-GitHubProfile-GitHubProfileUITests.release.xcconfig"; sourceTree = "<group>"; };
		75183543C49E545711D67252 /* Pods-GitHubProfile-GitHubProfileUITests.debug.xcconfig */ = {isa = PBXFileReference; includeInIndex = 1; lastKnownFileType = text.xcconfig; name = "Pods-GitHubProfile-GitHubProfileUITests.debug.xcconfig"; path = "Target Support Files/Pods-GitHubProfile-GitHubProfileUITests/Pods-GitHubProfile-GitHubProfileUITests.debug.xcconfig"; sourceTree = "<group>"; };
		9A7E93BA24383BD6784A4096 /* Pods_GitHubProfileTests.framework */ = {isa = PBXFileReference; explicitFileType = wrapper.framework; includeInIndex = 0; path = Pods_GitHubProfileTests.framework; sourceTree = BUILT_PRODUCTS_DIR; };
		C2B601272278A9E60D04925C /* Pods-GitHubProfileTests.release.xcconfig */ = {isa = PBXFileReference; includeInIndex = 1; lastKnownFileType = text.xcconfig; name = "Pods-GitHubProfileTests.release.xcconfig"; path = "Target Support Files/Pods-GitHubProfileTests/Pods-GitHubProfileTests.release.xcconfig"; sourceTree = "<group>"; };
		DFB95F12B855094EB045C52B /* Pods_GitHubProfile_GitHubProfileUITests.framework */ = {isa = PBXFileReference; explicitFileType = wrapper.framework; includeInIndex = 0; path = Pods_GitHubProfile_GitHubProfileUITests.framework; sourceTree = BUILT_PRODUCTS_DIR; };
		E1BCE4E2AB41CB496A50672B /* Pods-GitHubProfile.debug.xcconfig */ = {isa = PBXFileReference; includeInIndex = 1; lastKnownFileType = text.xcconfig; name = "Pods-GitHubProfile.debug.xcconfig"; path = "Target Support Files/Pods-GitHubProfile/Pods-GitHubProfile.debug.xcconfig"; sourceTree = "<group>"; };
		F6D2DDA176014D991A0C99F6 /* Pods-GitHubProfile.release.xcconfig */ = {isa = PBXFileReference; includeInIndex = 1; lastKnownFileType = text.xcconfig; name = "Pods-GitHubProfile.release.xcconfig"; path = "Target Support Files/Pods-GitHubProfile/Pods-GitHubProfile.release.xcconfig"; sourceTree = "<group>"; };
		FF932DE62BBEA75F00D82DCA /* GitHubProfile.app */ = {isa = PBXFileReference; explicitFileType = wrapper.application; includeInIndex = 0; path = GitHubProfile.app; sourceTree = BUILT_PRODUCTS_DIR; };
		FF932DE92BBEA75F00D82DCA /* AppDelegate.swift */ = {isa = PBXFileReference; lastKnownFileType = sourcecode.swift; path = AppDelegate.swift; sourceTree = "<group>"; };
		FF932DEB2BBEA75F00D82DCA /* SceneDelegate.swift */ = {isa = PBXFileReference; lastKnownFileType = sourcecode.swift; path = SceneDelegate.swift; sourceTree = "<group>"; };
		FF932DED2BBEA75F00D82DCA /* ProfileViewController.swift */ = {isa = PBXFileReference; lastKnownFileType = sourcecode.swift; path = ProfileViewController.swift; sourceTree = "<group>"; };
		FF932DF02BBEA75F00D82DCA /* Base */ = {isa = PBXFileReference; lastKnownFileType = file.storyboard; name = Base; path = Base.lproj/Main.storyboard; sourceTree = "<group>"; };
		FF932DF22BBEA76000D82DCA /* Assets.xcassets */ = {isa = PBXFileReference; lastKnownFileType = folder.assetcatalog; path = Assets.xcassets; sourceTree = "<group>"; };
		FF932DF52BBEA76000D82DCA /* Base */ = {isa = PBXFileReference; lastKnownFileType = file.storyboard; name = Base; path = Base.lproj/LaunchScreen.storyboard; sourceTree = "<group>"; };
		FF932DF72BBEA76000D82DCA /* Info.plist */ = {isa = PBXFileReference; lastKnownFileType = text.plist.xml; path = Info.plist; sourceTree = "<group>"; };
		FF932DFC2BBEA76000D82DCA /* GitHubProfileTests.xctest */ = {isa = PBXFileReference; explicitFileType = wrapper.cfbundle; includeInIndex = 0; path = GitHubProfileTests.xctest; sourceTree = BUILT_PRODUCTS_DIR; };
		FF932E002BBEA76000D82DCA /* GitHubProfileTests.swift */ = {isa = PBXFileReference; lastKnownFileType = sourcecode.swift; path = GitHubProfileTests.swift; sourceTree = "<group>"; };
		FF932E062BBEA76000D82DCA /* GitHubProfileUITests.xctest */ = {isa = PBXFileReference; explicitFileType = wrapper.cfbundle; includeInIndex = 0; path = GitHubProfileUITests.xctest; sourceTree = BUILT_PRODUCTS_DIR; };
		FF932E0A2BBEA76000D82DCA /* GitHubProfileUITests.swift */ = {isa = PBXFileReference; lastKnownFileType = sourcecode.swift; path = GitHubProfileUITests.swift; sourceTree = "<group>"; };
		FF932E0C2BBEA76000D82DCA /* GitHubProfileUITestsLaunchTests.swift */ = {isa = PBXFileReference; lastKnownFileType = sourcecode.swift; path = GitHubProfileUITestsLaunchTests.swift; sourceTree = "<group>"; };
		FFD017EE2BC43AC600F79E3A /* Profile.swift */ = {isa = PBXFileReference; lastKnownFileType = sourcecode.swift; path = Profile.swift; sourceTree = "<group>"; };
		FFD017F22BC43CAA00F79E3A /* ProfileViewCellController.swift */ = {isa = PBXFileReference; lastKnownFileType = sourcecode.swift; path = ProfileViewCellController.swift; sourceTree = "<group>"; };
		FFD017F32BC43CAA00F79E3A /* ProfileViewCell.xib */ = {isa = PBXFileReference; lastKnownFileType = file.xib; path = ProfileViewCell.xib; sourceTree = "<group>"; };
/* End PBXFileReference section */

/* Begin PBXFrameworksBuildPhase section */
		FF932DE32BBEA75F00D82DCA /* Frameworks */ = {
			isa = PBXFrameworksBuildPhase;
			buildActionMask = 2147483647;
			files = (
				393D29ADE89B59ED8E8C377C /* Pods_GitHubProfile.framework in Frameworks */,
			);
			runOnlyForDeploymentPostprocessing = 0;
		};
		FF932DF92BBEA76000D82DCA /* Frameworks */ = {
			isa = PBXFrameworksBuildPhase;
			buildActionMask = 2147483647;
			files = (
				F0B4BFF8D23CAEE0DE1BE114 /* Pods_GitHubProfileTests.framework in Frameworks */,
			);
			runOnlyForDeploymentPostprocessing = 0;
		};
		FF932E032BBEA76000D82DCA /* Frameworks */ = {
			isa = PBXFrameworksBuildPhase;
			buildActionMask = 2147483647;
			files = (
				8F797A93AFA690E637CC11B9 /* Pods_GitHubProfile_GitHubProfileUITests.framework in Frameworks */,
			);
			runOnlyForDeploymentPostprocessing = 0;
		};
/* End PBXFrameworksBuildPhase section */

/* Begin PBXGroup section */
		26D94890FA0DD0E32F2A61D7 /* Pods */ = {
			isa = PBXGroup;
			children = (
				E1BCE4E2AB41CB496A50672B /* Pods-GitHubProfile.debug.xcconfig */,
				F6D2DDA176014D991A0C99F6 /* Pods-GitHubProfile.release.xcconfig */,
				75183543C49E545711D67252 /* Pods-GitHubProfile-GitHubProfileUITests.debug.xcconfig */,
				7022B48BCFD0EFAE5ECAE4A1 /* Pods-GitHubProfile-GitHubProfileUITests.release.xcconfig */,
				3F9D05D1E8F64B4DA6960CD0 /* Pods-GitHubProfileTests.debug.xcconfig */,
				C2B601272278A9E60D04925C /* Pods-GitHubProfileTests.release.xcconfig */,
			);
			path = Pods;
			sourceTree = "<group>";
		};
		A71CFB4C8ADA42DD145D78C9 /* Frameworks */ = {
			isa = PBXGroup;
			children = (
				1E18CE9B8CDFCD306C45FAD5 /* Pods_GitHubProfile.framework */,
				DFB95F12B855094EB045C52B /* Pods_GitHubProfile_GitHubProfileUITests.framework */,
				9A7E93BA24383BD6784A4096 /* Pods_GitHubProfileTests.framework */,
			);
			name = Frameworks;
			sourceTree = "<group>";
		};
		FF932DDD2BBEA75F00D82DCA = {
			isa = PBXGroup;
			children = (
				FF932DE82BBEA75F00D82DCA /* GitHubProfile */,
				FF932DFF2BBEA76000D82DCA /* GitHubProfileTests */,
				FF932E092BBEA76000D82DCA /* GitHubProfileUITests */,
				FF932DE72BBEA75F00D82DCA /* Products */,
				26D94890FA0DD0E32F2A61D7 /* Pods */,
				A71CFB4C8ADA42DD145D78C9 /* Frameworks */,
			);
			sourceTree = "<group>";
		};
		FF932DE72BBEA75F00D82DCA /* Products */ = {
			isa = PBXGroup;
			children = (
				FF932DE62BBEA75F00D82DCA /* GitHubProfile.app */,
				FF932DFC2BBEA76000D82DCA /* GitHubProfileTests.xctest */,
				FF932E062BBEA76000D82DCA /* GitHubProfileUITests.xctest */,
			);
			name = Products;
			sourceTree = "<group>";
		};
		FF932DE82BBEA75F00D82DCA /* GitHubProfile */ = {
			isa = PBXGroup;
			children = (
				FFD017ED2BC43AAD00F79E3A /* Models */,
				FFD017F02BC43BC900F79E3A /* Views */,
				FFD017F12BC43BDA00F79E3A /* Controllers */,
				FF932DEB2BBEA75F00D82DCA /* SceneDelegate.swift */,
				FF932DE92BBEA75F00D82DCA /* AppDelegate.swift */,
				FF932DF22BBEA76000D82DCA /* Assets.xcassets */,
				FF932DF72BBEA76000D82DCA /* Info.plist */,
			);
			path = GitHubProfile;
			sourceTree = "<group>";
		};
		FF932DFF2BBEA76000D82DCA /* GitHubProfileTests */ = {
			isa = PBXGroup;
			children = (
				FF932E002BBEA76000D82DCA /* GitHubProfileTests.swift */,
			);
			path = GitHubProfileTests;
			sourceTree = "<group>";
		};
		FF932E092BBEA76000D82DCA /* GitHubProfileUITests */ = {
			isa = PBXGroup;
			children = (
				FF932E0A2BBEA76000D82DCA /* GitHubProfileUITests.swift */,
				FF932E0C2BBEA76000D82DCA /* GitHubProfileUITestsLaunchTests.swift */,
			);
			path = GitHubProfileUITests;
			sourceTree = "<group>";
		};
		FFD017ED2BC43AAD00F79E3A /* Models */ = {
			isa = PBXGroup;
			children = (
				FFD017EE2BC43AC600F79E3A /* Profile.swift */,
			);
			path = Models;
			sourceTree = "<group>";
		};
		FFD017F02BC43BC900F79E3A /* Views */ = {
			isa = PBXGroup;
			children = (
				FF932DF42BBEA76000D82DCA /* LaunchScreen.storyboard */,
				FF932DEF2BBEA75F00D82DCA /* Main.storyboard */,
				FFD017F32BC43CAA00F79E3A /* ProfileViewCell.xib */,
			);
			path = Views;
			sourceTree = "<group>";
		};
		FFD017F12BC43BDA00F79E3A /* Controllers */ = {
			isa = PBXGroup;
			children = (
				FF932DED2BBEA75F00D82DCA /* ProfileViewController.swift */,
				FFD017F22BC43CAA00F79E3A /* ProfileViewCellController.swift */,
			);
			path = Controllers;
			sourceTree = "<group>";
		};
/* End PBXGroup section */

/* Begin PBXNativeTarget section */
		FF932DE52BBEA75F00D82DCA /* GitHubProfile */ = {
			isa = PBXNativeTarget;
			buildConfigurationList = FF932E102BBEA76000D82DCA /* Build configuration list for PBXNativeTarget "GitHubProfile" */;
			buildPhases = (
				BDA1DE43A093E48F49692ED7 /* [CP] Check Pods Manifest.lock */,
				FF932DE22BBEA75F00D82DCA /* Sources */,
				FF932DE32BBEA75F00D82DCA /* Frameworks */,
				FF932DE42BBEA75F00D82DCA /* Resources */,
				389D0B4F1CD9ABE8339DC148 /* [CP] Embed Pods Frameworks */,
			);
			buildRules = (
			);
			dependencies = (
			);
			name = GitHubProfile;
			productName = GitHubProfile;
			productReference = FF932DE62BBEA75F00D82DCA /* GitHubProfile.app */;
			productType = "com.apple.product-type.application";
		};
		FF932DFB2BBEA76000D82DCA /* GitHubProfileTests */ = {
			isa = PBXNativeTarget;
			buildConfigurationList = FF932E132BBEA76000D82DCA /* Build configuration list for PBXNativeTarget "GitHubProfileTests" */;
			buildPhases = (
				3EE5384283AB14C575CCE0AE /* [CP] Check Pods Manifest.lock */,
				FF932DF82BBEA76000D82DCA /* Sources */,
				FF932DF92BBEA76000D82DCA /* Frameworks */,
				FF932DFA2BBEA76000D82DCA /* Resources */,
			);
			buildRules = (
			);
			dependencies = (
				FF932DFE2BBEA76000D82DCA /* PBXTargetDependency */,
			);
			name = GitHubProfileTests;
			productName = GitHubProfileTests;
			productReference = FF932DFC2BBEA76000D82DCA /* GitHubProfileTests.xctest */;
			productType = "com.apple.product-type.bundle.unit-test";
		};
		FF932E052BBEA76000D82DCA /* GitHubProfileUITests */ = {
			isa = PBXNativeTarget;
			buildConfigurationList = FF932E162BBEA76000D82DCA /* Build configuration list for PBXNativeTarget "GitHubProfileUITests" */;
			buildPhases = (
				920B1011333B8B05F0665CAE /* [CP] Check Pods Manifest.lock */,
				FF932E022BBEA76000D82DCA /* Sources */,
				FF932E032BBEA76000D82DCA /* Frameworks */,
				FF932E042BBEA76000D82DCA /* Resources */,
				8BB0AF3993E47B1A4207CD58 /* [CP] Embed Pods Frameworks */,
			);
			buildRules = (
			);
			dependencies = (
				FF932E082BBEA76000D82DCA /* PBXTargetDependency */,
			);
			name = GitHubProfileUITests;
			productName = GitHubProfileUITests;
			productReference = FF932E062BBEA76000D82DCA /* GitHubProfileUITests.xctest */;
			productType = "com.apple.product-type.bundle.ui-testing";
		};
/* End PBXNativeTarget section */

/* Begin PBXProject section */
		FF932DDE2BBEA75F00D82DCA /* Project object */ = {
			isa = PBXProject;
			attributes = {
				BuildIndependentTargetsInParallel = 1;
				LastSwiftUpdateCheck = 1530;
				LastUpgradeCheck = 1530;
				TargetAttributes = {
					FF932DE52BBEA75F00D82DCA = {
						CreatedOnToolsVersion = 15.3;
					};
					FF932DFB2BBEA76000D82DCA = {
						CreatedOnToolsVersion = 15.3;
						TestTargetID = FF932DE52BBEA75F00D82DCA;
					};
					FF932E052BBEA76000D82DCA = {
						CreatedOnToolsVersion = 15.3;
						TestTargetID = FF932DE52BBEA75F00D82DCA;
					};
				};
			};
			buildConfigurationList = FF932DE12BBEA75F00D82DCA /* Build configuration list for PBXProject "GitHubProfile" */;
			compatibilityVersion = "Xcode 14.0";
			developmentRegion = en;
			hasScannedForEncodings = 0;
			knownRegions = (
				en,
				Base,
			);
			mainGroup = FF932DDD2BBEA75F00D82DCA;
			productRefGroup = FF932DE72BBEA75F00D82DCA /* Products */;
			projectDirPath = "";
			projectRoot = "";
			targets = (
				FF932DE52BBEA75F00D82DCA /* GitHubProfile */,
				FF932DFB2BBEA76000D82DCA /* GitHubProfileTests */,
				FF932E052BBEA76000D82DCA /* GitHubProfileUITests */,
			);
		};
/* End PBXProject section */

/* Begin PBXResourcesBuildPhase section */
		FF932DE42BBEA75F00D82DCA /* Resources */ = {
			isa = PBXResourcesBuildPhase;
			buildActionMask = 2147483647;
			files = (
				FF932DF32BBEA76000D82DCA /* Assets.xcassets in Resources */,
				FF932DF62BBEA76000D82DCA /* Base in Resources */,
				FFD017F42BC43CAA00F79E3A /* ProfileViewCell.xib in Resources */,
				FF932DF12BBEA75F00D82DCA /* Base in Resources */,
			);
			runOnlyForDeploymentPostprocessing = 0;
		};
		FF932DFA2BBEA76000D82DCA /* Resources */ = {
			isa = PBXResourcesBuildPhase;
			buildActionMask = 2147483647;
			files = (
			);
			runOnlyForDeploymentPostprocessing = 0;
		};
		FF932E042BBEA76000D82DCA /* Resources */ = {
			isa = PBXResourcesBuildPhase;
			buildActionMask = 2147483647;
			files = (
			);
			runOnlyForDeploymentPostprocessing = 0;
		};
/* End PBXResourcesBuildPhase section */

/* Begin PBXShellScriptBuildPhase section */
		389D0B4F1CD9ABE8339DC148 /* [CP] Embed Pods Frameworks */ = {
			isa = PBXShellScriptBuildPhase;
			buildActionMask = 2147483647;
			files = (
			);
			inputFileListPaths = (
				"${PODS_ROOT}/Target Support Files/Pods-GitHubProfile/Pods-GitHubProfile-frameworks-${CONFIGURATION}-input-files.xcfilelist",
			);
			name = "[CP] Embed Pods Frameworks";
			outputFileListPaths = (
				"${PODS_ROOT}/Target Support Files/Pods-GitHubProfile/Pods-GitHubProfile-frameworks-${CONFIGURATION}-output-files.xcfilelist",
			);
			runOnlyForDeploymentPostprocessing = 0;
			shellPath = /bin/sh;
			shellScript = "\"${PODS_ROOT}/Target Support Files/Pods-GitHubProfile/Pods-GitHubProfile-frameworks.sh\"\n";
			showEnvVarsInLog = 0;
		};
		3EE5384283AB14C575CCE0AE /* [CP] Check Pods Manifest.lock */ = {
			isa = PBXShellScriptBuildPhase;
			buildActionMask = 2147483647;
			files = (
			);
			inputFileListPaths = (
			);
			inputPaths = (
				"${PODS_PODFILE_DIR_PATH}/Podfile.lock",
				"${PODS_ROOT}/Manifest.lock",
			);
			name = "[CP] Check Pods Manifest.lock";
			outputFileListPaths = (
			);
			outputPaths = (
				"$(DERIVED_FILE_DIR)/Pods-GitHubProfileTests-checkManifestLockResult.txt",
			);
			runOnlyForDeploymentPostprocessing = 0;
			shellPath = /bin/sh;
			shellScript = "diff \"${PODS_PODFILE_DIR_PATH}/Podfile.lock\" \"${PODS_ROOT}/Manifest.lock\" > /dev/null\nif [ $? != 0 ] ; then\n    # print error to STDERR\n    echo \"error: The sandbox is not in sync with the Podfile.lock. Run 'pod install' or update your CocoaPods installation.\" >&2\n    exit 1\nfi\n# This output is used by Xcode 'outputs' to avoid re-running this script phase.\necho \"SUCCESS\" > \"${SCRIPT_OUTPUT_FILE_0}\"\n";
			showEnvVarsInLog = 0;
		};
		8BB0AF3993E47B1A4207CD58 /* [CP] Embed Pods Frameworks */ = {
			isa = PBXShellScriptBuildPhase;
			buildActionMask = 2147483647;
			files = (
			);
			inputFileListPaths = (
				"${PODS_ROOT}/Target Support Files/Pods-GitHubProfile-GitHubProfileUITests/Pods-GitHubProfile-GitHubProfileUITests-frameworks-${CONFIGURATION}-input-files.xcfilelist",
			);
			name = "[CP] Embed Pods Frameworks";
			outputFileListPaths = (
				"${PODS_ROOT}/Target Support Files/Pods-GitHubProfile-GitHubProfileUITests/Pods-GitHubProfile-GitHubProfileUITests-frameworks-${CONFIGURATION}-output-files.xcfilelist",
			);
			runOnlyForDeploymentPostprocessing = 0;
			shellPath = /bin/sh;
			shellScript = "\"${PODS_ROOT}/Target Support Files/Pods-GitHubProfile-GitHubProfileUITests/Pods-GitHubProfile-GitHubProfileUITests-frameworks.sh\"\n";
			showEnvVarsInLog = 0;
		};
		920B1011333B8B05F0665CAE /* [CP] Check Pods Manifest.lock */ = {
			isa = PBXShellScriptBuildPhase;
			buildActionMask = 2147483647;
			files = (
			);
			inputFileListPaths = (
			);
			inputPaths = (
				"${PODS_PODFILE_DIR_PATH}/Podfile.lock",
				"${PODS_ROOT}/Manifest.lock",
			);
			name = "[CP] Check Pods Manifest.lock";
			outputFileListPaths = (
			);
			outputPaths = (
				"$(DERIVED_FILE_DIR)/Pods-GitHubProfile-GitHubProfileUITests-checkManifestLockResult.txt",
			);
			runOnlyForDeploymentPostprocessing = 0;
			shellPath = /bin/sh;
			shellScript = "diff \"${PODS_PODFILE_DIR_PATH}/Podfile.lock\" \"${PODS_ROOT}/Manifest.lock\" > /dev/null\nif [ $? != 0 ] ; then\n    # print error to STDERR\n    echo \"error: The sandbox is not in sync with the Podfile.lock. Run 'pod install' or update your CocoaPods installation.\" >&2\n    exit 1\nfi\n# This output is used by Xcode 'outputs' to avoid re-running this script phase.\necho \"SUCCESS\" > \"${SCRIPT_OUTPUT_FILE_0}\"\n";
			showEnvVarsInLog = 0;
		};
		BDA1DE43A093E48F49692ED7 /* [CP] Check Pods Manifest.lock */ = {
			isa = PBXShellScriptBuildPhase;
			buildActionMask = 2147483647;
			files = (
			);
			inputFileListPaths = (
			);
			inputPaths = (
				"${PODS_PODFILE_DIR_PATH}/Podfile.lock",
				"${PODS_ROOT}/Manifest.lock",
			);
			name = "[CP] Check Pods Manifest.lock";
			outputFileListPaths = (
			);
			outputPaths = (
				"$(DERIVED_FILE_DIR)/Pods-GitHubProfile-checkManifestLockResult.txt",
			);
			runOnlyForDeploymentPostprocessing = 0;
			shellPath = /bin/sh;
			shellScript = "diff \"${PODS_PODFILE_DIR_PATH}/Podfile.lock\" \"${PODS_ROOT}/Manifest.lock\" > /dev/null\nif [ $? != 0 ] ; then\n    # print error to STDERR\n    echo \"error: The sandbox is not in sync with the Podfile.lock. Run 'pod install' or update your CocoaPods installation.\" >&2\n    exit 1\nfi\n# This output is used by Xcode 'outputs' to avoid re-running this script phase.\necho \"SUCCESS\" > \"${SCRIPT_OUTPUT_FILE_0}\"\n";
			showEnvVarsInLog = 0;
		};
/* End PBXShellScriptBuildPhase section */

/* Begin PBXSourcesBuildPhase section */
		FF932DE22BBEA75F00D82DCA /* Sources */ = {
			isa = PBXSourcesBuildPhase;
			buildActionMask = 2147483647;
			files = (
				FFD017F52BC43CAA00F79E3A /* ProfileViewCellController.swift in Sources */,
				FF932DEE2BBEA75F00D82DCA /* ProfileViewController.swift in Sources */,
				FFD017EF2BC43AC600F79E3A /* Profile.swift in Sources */,
				FF932DEA2BBEA75F00D82DCA /* AppDelegate.swift in Sources */,
				FF932DEC2BBEA75F00D82DCA /* SceneDelegate.swift in Sources */,
			);
			runOnlyForDeploymentPostprocessing = 0;
		};
		FF932DF82BBEA76000D82DCA /* Sources */ = {
			isa = PBXSourcesBuildPhase;
			buildActionMask = 2147483647;
			files = (
				FF932E012BBEA76000D82DCA /* GitHubProfileTests.swift in Sources */,
			);
			runOnlyForDeploymentPostprocessing = 0;
		};
		FF932E022BBEA76000D82DCA /* Sources */ = {
			isa = PBXSourcesBuildPhase;
			buildActionMask = 2147483647;
			files = (
				FF932E0B2BBEA76000D82DCA /* GitHubProfileUITests.swift in Sources */,
				FF932E0D2BBEA76000D82DCA /* GitHubProfileUITestsLaunchTests.swift in Sources */,
			);
			runOnlyForDeploymentPostprocessing = 0;
		};
/* End PBXSourcesBuildPhase section */

/* Begin PBXTargetDependency section */
		FF932DFE2BBEA76000D82DCA /* PBXTargetDependency */ = {
			isa = PBXTargetDependency;
			target = FF932DE52BBEA75F00D82DCA /* GitHubProfile */;
			targetProxy = FF932DFD2BBEA76000D82DCA /* PBXContainerItemProxy */;
		};
		FF932E082BBEA76000D82DCA /* PBXTargetDependency */ = {
			isa = PBXTargetDependency;
			target = FF932DE52BBEA75F00D82DCA /* GitHubProfile */;
			targetProxy = FF932E072BBEA76000D82DCA /* PBXContainerItemProxy */;
		};
/* End PBXTargetDependency section */

/* Begin PBXVariantGroup section */
		FF932DEF2BBEA75F00D82DCA /* Main.storyboard */ = {
			isa = PBXVariantGroup;
			children = (
				FF932DF02BBEA75F00D82DCA /* Base */,
			);
			name = Main.storyboard;
			sourceTree = "<group>";
		};
		FF932DF42BBEA76000D82DCA /* LaunchScreen.storyboard */ = {
			isa = PBXVariantGroup;
			children = (
				FF932DF52BBEA76000D82DCA /* Base */,
			);
			name = LaunchScreen.storyboard;
			sourceTree = "<group>";
		};
/* End PBXVariantGroup section */

/* Begin XCBuildConfiguration section */
		FF932E0E2BBEA76000D82DCA /* Debug */ = {
			isa = XCBuildConfiguration;
			buildSettings = {
				ALWAYS_SEARCH_USER_PATHS = NO;
				ASSETCATALOG_COMPILER_GENERATE_SWIFT_ASSET_SYMBOL_EXTENSIONS = YES;
				CLANG_ANALYZER_NONNULL = YES;
				CLANG_ANALYZER_NUMBER_OBJECT_CONVERSION = YES_AGGRESSIVE;
				CLANG_CXX_LANGUAGE_STANDARD = "gnu++20";
				CLANG_ENABLE_MODULES = YES;
				CLANG_ENABLE_OBJC_ARC = YES;
				CLANG_ENABLE_OBJC_WEAK = YES;
				CLANG_WARN_BLOCK_CAPTURE_AUTORELEASING = YES;
				CLANG_WARN_BOOL_CONVERSION = YES;
				CLANG_WARN_COMMA = YES;
				CLANG_WARN_CONSTANT_CONVERSION = YES;
				CLANG_WARN_DEPRECATED_OBJC_IMPLEMENTATIONS = YES;
				CLANG_WARN_DIRECT_OBJC_ISA_USAGE = YES_ERROR;
				CLANG_WARN_DOCUMENTATION_COMMENTS = YES;
				CLANG_WARN_EMPTY_BODY = YES;
				CLANG_WARN_ENUM_CONVERSION = YES;
				CLANG_WARN_INFINITE_RECURSION = YES;
				CLANG_WARN_INT_CONVERSION = YES;
				CLANG_WARN_NON_LITERAL_NULL_CONVERSION = YES;
				CLANG_WARN_OBJC_IMPLICIT_RETAIN_SELF = YES;
				CLANG_WARN_OBJC_LITERAL_CONVERSION = YES;
				CLANG_WARN_OBJC_ROOT_CLASS = YES_ERROR;
				CLANG_WARN_QUOTED_INCLUDE_IN_FRAMEWORK_HEADER = YES;
				CLANG_WARN_RANGE_LOOP_ANALYSIS = YES;
				CLANG_WARN_STRICT_PROTOTYPES = YES;
				CLANG_WARN_SUSPICIOUS_MOVE = YES;
				CLANG_WARN_UNGUARDED_AVAILABILITY = YES_AGGRESSIVE;
				CLANG_WARN_UNREACHABLE_CODE = YES;
				CLANG_WARN__DUPLICATE_METHOD_MATCH = YES;
				COPY_PHASE_STRIP = NO;
				DEBUG_INFORMATION_FORMAT = dwarf;
				ENABLE_STRICT_OBJC_MSGSEND = YES;
				ENABLE_TESTABILITY = YES;
				ENABLE_USER_SCRIPT_SANDBOXING = NO;
				GCC_C_LANGUAGE_STANDARD = gnu17;
				GCC_DYNAMIC_NO_PIC = NO;
				GCC_NO_COMMON_BLOCKS = YES;
				GCC_OPTIMIZATION_LEVEL = 0;
				GCC_PREPROCESSOR_DEFINITIONS = (
					"DEBUG=1",
					"$(inherited)",
				);
				GCC_WARN_64_TO_32_BIT_CONVERSION = YES;
				GCC_WARN_ABOUT_RETURN_TYPE = YES_ERROR;
				GCC_WARN_UNDECLARED_SELECTOR = YES;
				GCC_WARN_UNINITIALIZED_AUTOS = YES_AGGRESSIVE;
				GCC_WARN_UNUSED_FUNCTION = YES;
				GCC_WARN_UNUSED_VARIABLE = YES;
				IPHONEOS_DEPLOYMENT_TARGET = 17.4;
				LOCALIZATION_PREFERS_STRING_CATALOGS = YES;
				MTL_ENABLE_DEBUG_INFO = INCLUDE_SOURCE;
				MTL_FAST_MATH = YES;
				ONLY_ACTIVE_ARCH = YES;
				SDKROOT = iphoneos;
				SWIFT_ACTIVE_COMPILATION_CONDITIONS = "DEBUG $(inherited)";
				SWIFT_OPTIMIZATION_LEVEL = "-Onone";
			};
			name = Debug;
		};
		FF932E0F2BBEA76000D82DCA /* Release */ = {
			isa = XCBuildConfiguration;
			buildSettings = {
				ALWAYS_SEARCH_USER_PATHS = NO;
				ASSETCATALOG_COMPILER_GENERATE_SWIFT_ASSET_SYMBOL_EXTENSIONS = YES;
				CLANG_ANALYZER_NONNULL = YES;
				CLANG_ANALYZER_NUMBER_OBJECT_CONVERSION = YES_AGGRESSIVE;
				CLANG_CXX_LANGUAGE_STANDARD = "gnu++20";
				CLANG_ENABLE_MODULES = YES;
				CLANG_ENABLE_OBJC_ARC = YES;
				CLANG_ENABLE_OBJC_WEAK = YES;
				CLANG_WARN_BLOCK_CAPTURE_AUTORELEASING = YES;
				CLANG_WARN_BOOL_CONVERSION = YES;
				CLANG_WARN_COMMA = YES;
				CLANG_WARN_CONSTANT_CONVERSION = YES;
				CLANG_WARN_DEPRECATED_OBJC_IMPLEMENTATIONS = YES;
				CLANG_WARN_DIRECT_OBJC_ISA_USAGE = YES_ERROR;
				CLANG_WARN_DOCUMENTATION_COMMENTS = YES;
				CLANG_WARN_EMPTY_BODY = YES;
				CLANG_WARN_ENUM_CONVERSION = YES;
				CLANG_WARN_INFINITE_RECURSION = YES;
				CLANG_WARN_INT_CONVERSION = YES;
				CLANG_WARN_NON_LITERAL_NULL_CONVERSION = YES;
				CLANG_WARN_OBJC_IMPLICIT_RETAIN_SELF = YES;
				CLANG_WARN_OBJC_LITERAL_CONVERSION = YES;
				CLANG_WARN_OBJC_ROOT_CLASS = YES_ERROR;
				CLANG_WARN_QUOTED_INCLUDE_IN_FRAMEWORK_HEADER = YES;
				CLANG_WARN_RANGE_LOOP_ANALYSIS = YES;
				CLANG_WARN_STRICT_PROTOTYPES = YES;
				CLANG_WARN_SUSPICIOUS_MOVE = YES;
				CLANG_WARN_UNGUARDED_AVAILABILITY = YES_AGGRESSIVE;
				CLANG_WARN_UNREACHABLE_CODE = YES;
				CLANG_WARN__DUPLICATE_METHOD_MATCH = YES;
				COPY_PHASE_STRIP = NO;
				DEBUG_INFORMATION_FORMAT = "dwarf-with-dsym";
				ENABLE_NS_ASSERTIONS = NO;
				ENABLE_STRICT_OBJC_MSGSEND = YES;
				ENABLE_USER_SCRIPT_SANDBOXING = NO;
				GCC_C_LANGUAGE_STANDARD = gnu17;
				GCC_NO_COMMON_BLOCKS = YES;
				GCC_WARN_64_TO_32_BIT_CONVERSION = YES;
				GCC_WARN_ABOUT_RETURN_TYPE = YES_ERROR;
				GCC_WARN_UNDECLARED_SELECTOR = YES;
				GCC_WARN_UNINITIALIZED_AUTOS = YES_AGGRESSIVE;
				GCC_WARN_UNUSED_FUNCTION = YES;
				GCC_WARN_UNUSED_VARIABLE = YES;
				IPHONEOS_DEPLOYMENT_TARGET = 17.4;
				LOCALIZATION_PREFERS_STRING_CATALOGS = YES;
				MTL_ENABLE_DEBUG_INFO = NO;
				MTL_FAST_MATH = YES;
				SDKROOT = iphoneos;
				SWIFT_COMPILATION_MODE = wholemodule;
				VALIDATE_PRODUCT = YES;
			};
			name = Release;
		};
		FF932E112BBEA76000D82DCA /* Debug */ = {
			isa = XCBuildConfiguration;
			baseConfigurationReference = E1BCE4E2AB41CB496A50672B /* Pods-GitHubProfile.debug.xcconfig */;
			buildSettings = {
				ASSETCATALOG_COMPILER_APPICON_NAME = AppIcon;
				ASSETCATALOG_COMPILER_GLOBAL_ACCENT_COLOR_NAME = AccentColor;
				CODE_SIGN_STYLE = Automatic;
				CURRENT_PROJECT_VERSION = 1;
				DEVELOPMENT_TEAM = 5259JUBP8W;
				GENERATE_INFOPLIST_FILE = YES;
				INFOPLIST_FILE = GitHubProfile/Info.plist;
				INFOPLIST_KEY_UIApplicationSupportsIndirectInputEvents = YES;
				INFOPLIST_KEY_UILaunchStoryboardName = LaunchScreen;
				INFOPLIST_KEY_UIMainStoryboardFile = Main;
				INFOPLIST_KEY_UISupportedInterfaceOrientations_iPad = "UIInterfaceOrientationPortrait UIInterfaceOrientationPortraitUpsideDown UIInterfaceOrientationLandscapeLeft UIInterfaceOrientationLandscapeRight";
				INFOPLIST_KEY_UISupportedInterfaceOrientations_iPhone = "UIInterfaceOrientationPortrait UIInterfaceOrientationLandscapeLeft UIInterfaceOrientationLandscapeRight";
				LD_RUNPATH_SEARCH_PATHS = (
					"$(inherited)",
					"@executable_path/Frameworks",
				);
				MARKETING_VERSION = 1.0;
				PRODUCT_BUNDLE_IDENTIFIER = com.Seunghyeon.GitHubProfile;
				PRODUCT_NAME = "$(TARGET_NAME)";
				SWIFT_EMIT_LOC_STRINGS = YES;
				SWIFT_VERSION = 5.0;
				TARGETED_DEVICE_FAMILY = "1,2";
			};
			name = Debug;
		};
		FF932E122BBEA76000D82DCA /* Release */ = {
			isa = XCBuildConfiguration;
			baseConfigurationReference = F6D2DDA176014D991A0C99F6 /* Pods-GitHubProfile.release.xcconfig */;
			buildSettings = {
				ASSETCATALOG_COMPILER_APPICON_NAME = AppIcon;
				ASSETCATALOG_COMPILER_GLOBAL_ACCENT_COLOR_NAME = AccentColor;
				CODE_SIGN_STYLE = Automatic;
				CURRENT_PROJECT_VERSION = 1;
				DEVELOPMENT_TEAM = 5259JUBP8W;
				GENERATE_INFOPLIST_FILE = YES;
				INFOPLIST_FILE = GitHubProfile/Info.plist;
				INFOPLIST_KEY_UIApplicationSupportsIndirectInputEvents = YES;
				INFOPLIST_KEY_UILaunchStoryboardName = LaunchScreen;
				INFOPLIST_KEY_UIMainStoryboardFile = Main;
				INFOPLIST_KEY_UISupportedInterfaceOrientations_iPad = "UIInterfaceOrientationPortrait UIInterfaceOrientationPortraitUpsideDown UIInterfaceOrientationLandscapeLeft UIInterfaceOrientationLandscapeRight";
				INFOPLIST_KEY_UISupportedInterfaceOrientations_iPhone = "UIInterfaceOrientationPortrait UIInterfaceOrientationLandscapeLeft UIInterfaceOrientationLandscapeRight";
				LD_RUNPATH_SEARCH_PATHS = (
					"$(inherited)",
					"@executable_path/Frameworks",
				);
				MARKETING_VERSION = 1.0;
				PRODUCT_BUNDLE_IDENTIFIER = com.Seunghyeon.GitHubProfile;
				PRODUCT_NAME = "$(TARGET_NAME)";
				SWIFT_EMIT_LOC_STRINGS = YES;
				SWIFT_VERSION = 5.0;
				TARGETED_DEVICE_FAMILY = "1,2";
			};
			name = Release;
		};
		FF932E142BBEA76000D82DCA /* Debug */ = {
			isa = XCBuildConfiguration;
			baseConfigurationReference = 3F9D05D1E8F64B4DA6960CD0 /* Pods-GitHubProfileTests.debug.xcconfig */;
			buildSettings = {
				ALWAYS_EMBED_SWIFT_STANDARD_LIBRARIES = YES;
				BUNDLE_LOADER = "$(TEST_HOST)";
				CODE_SIGN_STYLE = Automatic;
				CURRENT_PROJECT_VERSION = 1;
				DEVELOPMENT_TEAM = 5259JUBP8W;
				GENERATE_INFOPLIST_FILE = YES;
				IPHONEOS_DEPLOYMENT_TARGET = 17.4;
				MARKETING_VERSION = 1.0;
				PRODUCT_BUNDLE_IDENTIFIER = com.Seunghyeon.GitHubProfileTests;
				PRODUCT_NAME = "$(TARGET_NAME)";
				SWIFT_EMIT_LOC_STRINGS = NO;
				SWIFT_VERSION = 5.0;
				TARGETED_DEVICE_FAMILY = "1,2";
				TEST_HOST = "$(BUILT_PRODUCTS_DIR)/GitHubProfile.app/$(BUNDLE_EXECUTABLE_FOLDER_PATH)/GitHubProfile";
			};
			name = Debug;
		};
		FF932E152BBEA76000D82DCA /* Release */ = {
			isa = XCBuildConfiguration;
			baseConfigurationReference = C2B601272278A9E60D04925C /* Pods-GitHubProfileTests.release.xcconfig */;
			buildSettings = {
				ALWAYS_EMBED_SWIFT_STANDARD_LIBRARIES = YES;
				BUNDLE_LOADER = "$(TEST_HOST)";
				CODE_SIGN_STYLE = Automatic;
				CURRENT_PROJECT_VERSION = 1;
				DEVELOPMENT_TEAM = 5259JUBP8W;
				GENERATE_INFOPLIST_FILE = YES;
				IPHONEOS_DEPLOYMENT_TARGET = 17.4;
				MARKETING_VERSION = 1.0;
				PRODUCT_BUNDLE_IDENTIFIER = com.Seunghyeon.GitHubProfileTests;
				PRODUCT_NAME = "$(TARGET_NAME)";
				SWIFT_EMIT_LOC_STRINGS = NO;
				SWIFT_VERSION = 5.0;
				TARGETED_DEVICE_FAMILY = "1,2";
				TEST_HOST = "$(BUILT_PRODUCTS_DIR)/GitHubProfile.app/$(BUNDLE_EXECUTABLE_FOLDER_PATH)/GitHubProfile";
			};
			name = Release;
		};
		FF932E172BBEA76000D82DCA /* Debug */ = {
			isa = XCBuildConfiguration;
			baseConfigurationReference = 75183543C49E545711D67252 /* Pods-GitHubProfile-GitHubProfileUITests.debug.xcconfig */;
			buildSettings = {
				ALWAYS_EMBED_SWIFT_STANDARD_LIBRARIES = YES;
				CODE_SIGN_STYLE = Automatic;
				CURRENT_PROJECT_VERSION = 1;
				DEVELOPMENT_TEAM = 5259JUBP8W;
				GENERATE_INFOPLIST_FILE = YES;
				MARKETING_VERSION = 1.0;
				PRODUCT_BUNDLE_IDENTIFIER = com.Seunghyeon.GitHubProfileUITests;
				PRODUCT_NAME = "$(TARGET_NAME)";
				SWIFT_EMIT_LOC_STRINGS = NO;
				SWIFT_VERSION = 5.0;
				TARGETED_DEVICE_FAMILY = "1,2";
				TEST_TARGET_NAME = GitHubProfile;
			};
			name = Debug;
		};
		FF932E182BBEA76000D82DCA /* Release */ = {
			isa = XCBuildConfiguration;
			baseConfigurationReference = 7022B48BCFD0EFAE5ECAE4A1 /* Pods-GitHubProfile-GitHubProfileUITests.release.xcconfig */;
			buildSettings = {
				ALWAYS_EMBED_SWIFT_STANDARD_LIBRARIES = YES;
				CODE_SIGN_STYLE = Automatic;
				CURRENT_PROJECT_VERSION = 1;
				DEVELOPMENT_TEAM = 5259JUBP8W;
				GENERATE_INFOPLIST_FILE = YES;
				MARKETING_VERSION = 1.0;
				PRODUCT_BUNDLE_IDENTIFIER = com.Seunghyeon.GitHubProfileUITests;
				PRODUCT_NAME = "$(TARGET_NAME)";
				SWIFT_EMIT_LOC_STRINGS = NO;
				SWIFT_VERSION = 5.0;
				TARGETED_DEVICE_FAMILY = "1,2";
				TEST_TARGET_NAME = GitHubProfile;
			};
			name = Release;
		};
/* End XCBuildConfiguration section */

/* Begin XCConfigurationList section */
		FF932DE12BBEA75F00D82DCA /* Build configuration list for PBXProject "GitHubProfile" */ = {
			isa = XCConfigurationList;
			buildConfigurations = (
				FF932E0E2BBEA76000D82DCA /* Debug */,
				FF932E0F2BBEA76000D82DCA /* Release */,
			);
			defaultConfigurationIsVisible = 0;
			defaultConfigurationName = Release;
		};
		FF932E102BBEA76000D82DCA /* Build configuration list for PBXNativeTarget "GitHubProfile" */ = {
			isa = XCConfigurationList;
			buildConfigurations = (
				FF932E112BBEA76000D82DCA /* Debug */,
				FF932E122BBEA76000D82DCA /* Release */,
			);
			defaultConfigurationIsVisible = 0;
			defaultConfigurationName = Release;
		};
		FF932E132BBEA76000D82DCA /* Build configuration list for PBXNativeTarget "GitHubProfileTests" */ = {
			isa = XCConfigurationList;
			buildConfigurations = (
				FF932E142BBEA76000D82DCA /* Debug */,
				FF932E152BBEA76000D82DCA /* Release */,
			);
			defaultConfigurationIsVisible = 0;
			defaultConfigurationName = Release;
		};
		FF932E162BBEA76000D82DCA /* Build configuration list for PBXNativeTarget "GitHubProfileUITests" */ = {
			isa = XCConfigurationList;
			buildConfigurations = (
				FF932E172BBEA76000D82DCA /* Debug */,
				FF932E182BBEA76000D82DCA /* Release */,
			);
			defaultConfigurationIsVisible = 0;
			defaultConfigurationName = Release;
		};
/* End XCConfigurationList section */
	};
	rootObject = FF932DDE2BBEA75F00D82DCA /* Project object */;
}
